
Microsoft Visual Studio Solution File, Format Version 12.00
# Visual Studio Version 16
VisualStudioVersion = 16.0.29324.140
MinimumVisualStudioVersion = 10.0.40219.1
Project("{FAE04EC0-301F-11D3-BF4B-00C04F79EFBC}") = "E-Hospital", "E-Hospital\E-Hospital.csproj", "{045C0767-D198-4016-AF2E-F1FB1063230F}"
EndProject
Project("{FAE04EC0-301F-11D3-BF4B-00C04F79EFBC}") = "E-Hospital.Data", "E-Hospital.Data\E-Hospital.Data.csproj", "{03AB3293-C96B-4D94-9908-4A5FCE62DC38}"
EndProject
Project("{FAE04EC0-301F-11D3-BF4B-00C04F79EFBC}") = "E-Hospital.Domain", "E-Hospital.Domain\E-Hospital.Domain.csproj", "{42DC7127-631C-48E8-AED1-4B0A276174B1}"
EndProject
Project("{FAE04EC0-301F-11D3-BF4B-00C04F79EFBC}") = "E-Hospital.EF", "E-Hospital.EF\E-Hospital.EF.csproj", "{65B24CE3-5307-46A9-9B91-D2F1DCD41703}"
EndProject
Global
	GlobalSection(SolutionConfigurationPlatforms) = preSolution
		Debug|Any CPU = Debug|Any CPU
		Release|Any CPU = Release|Any CPU
	EndGlobalSection
	GlobalSection(ProjectConfigurationPlatforms) = postSolution
		{045C0767-D198-4016-AF2E-F1FB1063230F}.Debug|Any CPU.ActiveCfg = Debug|Any CPU
		{045C0767-D198-4016-AF2E-F1FB1063230F}.Debug|Any CPU.Build.0 = Debug|Any CPU
		{045C0767-D198-4016-AF2E-F1FB1063230F}.Release|Any CPU.ActiveCfg = Release|Any CPU
		{045C0767-D198-4016-AF2E-F1FB1063230F}.Release|Any CPU.Build.0 = Release|Any CPU
		{03AB3293-C96B-4D94-9908-4A5FCE62DC38}.Debug|Any CPU.ActiveCfg = Debug|Any CPU
		{03AB3293-C96B-4D94-9908-4A5FCE62DC38}.Debug|Any CPU.Build.0 = Debug|Any CPU
		{03AB3293-C96B-4D94-9908-4A5FCE62DC38}.Release|Any CPU.ActiveCfg = Release|Any CPU
		{03AB3293-C96B-4D94-9908-4A5FCE62DC38}.Release|Any CPU.Build.0 = Release|Any CPU
		{42DC7127-631C-48E8-AED1-4B0A276174B1}.Debug|Any CPU.ActiveCfg = Debug|Any CPU
		{42DC7127-631C-48E8-AED1-4B0A276174B1}.Debug|Any CPU.Build.0 = Debug|Any CPU
		{42DC7127-631C-48E8-AED1-4B0A276174B1}.Release|Any CPU.ActiveCfg = Release|Any CPU
		{42DC7127-631C-48E8-AED1-4B0A276174B1}.Release|Any CPU.Build.0 = Release|Any CPU
		{65B24CE3-5307-46A9-9B91-D2F1DCD41703}.Debug|Any CPU.ActiveCfg = Debug|Any CPU
		{65B24CE3-5307-46A9-9B91-D2F1DCD41703}.Debug|Any CPU.Build.0 = Debug|Any CPU
		{65B24CE3-5307-46A9-9B91-D2F1DCD41703}.Release|Any CPU.ActiveCfg = Release|Any CPU
		{65B24CE3-5307-46A9-9B91-D2F1DCD41703}.Release|Any CPU.Build.0 = Release|Any CPU
	EndGlobalSection
	GlobalSection(SolutionProperties) = preSolution
		HideSolutionNode = FALSE
	EndGlobalSection
	GlobalSection(ExtensibilityGlobals) = postSolution
		SolutionGuid = {6C6415BB-22D6-4243-80C5-5F4B0F5A3C04}
	EndGlobalSection
EndGlobal
